// !$*UTF8*$!
{
	archiveVersion = 1;
	classes = {
	};
	objectVersion = 50;
	objects = {

/* Begin PBXBuildFile section */
		61929C2C208B1F090037AADD /* variable.swift in Sources */ = {isa = PBXBuildFile; fileRef = 61929C2B208B1F090037AADD /* variable.swift */; };
		619C7E26209B27D800D87914 /* FacultTableViewCell.swift in Sources */ = {isa = PBXBuildFile; fileRef = 619C7E25209B27D800D87914 /* FacultTableViewCell.swift */; };
		619C7E28209B2C7100D87914 /* FacultTableViewController.swift in Sources */ = {isa = PBXBuildFile; fileRef = 619C7E27209B2C7100D87914 /* FacultTableViewController.swift */; };
		61C055DF20875525004E5757 /* AppDelegate.swift in Sources */ = {isa = PBXBuildFile; fileRef = 61C055DE20875525004E5757 /* AppDelegate.swift */; };
		61C055E120875525004E5757 /* ViewController.swift in Sources */ = {isa = PBXBuildFile; fileRef = 61C055E020875525004E5757 /* ViewController.swift */; };
		61C055E420875525004E5757 /* Main.storyboard in Resources */ = {isa = PBXBuildFile; fileRef = 61C055E220875525004E5757 /* Main.storyboard */; };
		61C055E620875526004E5757 /* Assets.xcassets in Resources */ = {isa = PBXBuildFile; fileRef = 61C055E520875526004E5757 /* Assets.xcassets */; };
		61C055E920875526004E5757 /* LaunchScreen.storyboard in Resources */ = {isa = PBXBuildFile; fileRef = 61C055E720875526004E5757 /* LaunchScreen.storyboard */; };
		61C055F420875527004E5757 /* Gradue_WorkTests.swift in Sources */ = {isa = PBXBuildFile; fileRef = 61C055F320875527004E5757 /* Gradue_WorkTests.swift */; };
		61C055FF20875527004E5757 /* Gradue_WorkUITests.swift in Sources */ = {isa = PBXBuildFile; fileRef = 61C055FE20875527004E5757 /* Gradue_WorkUITests.swift */; };
/* End PBXBuildFile section */

/* Begin PBXContainerItemProxy section */
		61C055F020875527004E5757 /* PBXContainerItemProxy */ = {
			isa = PBXContainerItemProxy;
			containerPortal = 61C055D320875525004E5757 /* Project object */;
			proxyType = 1;
			remoteGlobalIDString = 61C055DA20875525004E5757;
			remoteInfo = "Gradue Work";
		};
		61C055FB20875527004E5757 /* PBXContainerItemProxy */ = {
			isa = PBXContainerItemProxy;
			containerPortal = 61C055D320875525004E5757 /* Project object */;
			proxyType = 1;
			remoteGlobalIDString = 61C055DA20875525004E5757;
			remoteInfo = "Gradue Work";
		};
/* End PBXContainerItemProxy section */

/* Begin PBXFileReference section */
		61929C2B208B1F090037AADD /* variable.swift */ = {isa = PBXFileReference; lastKnownFileType = sourcecode.swift; path = variable.swift; sourceTree = "<group>"; };
		619C7E25209B27D800D87914 /* FacultTableViewCell.swift */ = {isa = PBXFileReference; lastKnownFileType = sourcecode.swift; path = FacultTableViewCell.swift; sourceTree = "<group>"; };
		619C7E27209B2C7100D87914 /* FacultTableViewController.swift */ = {isa = PBXFileReference; lastKnownFileType = sourcecode.swift; path = FacultTableViewController.swift; sourceTree = "<group>"; };
		61C055DB20875525004E5757 /* Gradue Work.app */ = {isa = PBXFileReference; explicitFileType = wrapper.application; includeInIndex = 0; path = "Gradue Work.app"; sourceTree = BUILT_PRODUCTS_DIR; };
		61C055DE20875525004E5757 /* AppDelegate.swift */ = {isa = PBXFileReference; lastKnownFileType = sourcecode.swift; path = AppDelegate.swift; sourceTree = "<group>"; };
		61C055E020875525004E5757 /* ViewController.swift */ = {isa = PBXFileReference; lastKnownFileType = sourcecode.swift; path = ViewController.swift; sourceTree = "<group>"; };
		61C055E320875525004E5757 /* Base */ = {isa = PBXFileReference; lastKnownFileType = file.storyboard; name = Base; path = Base.lproj/Main.storyboard; sourceTree = "<group>"; };
		61C055E520875526004E5757 /* Assets.xcassets */ = {isa = PBXFileReference; lastKnownFileType = folder.assetcatalog; path = Assets.xcassets; sourceTree = "<group>"; };
		61C055E820875526004E5757 /* Base */ = {isa = PBXFileReference; lastKnownFileType = file.storyboard; name = Base; path = Base.lproj/LaunchScreen.storyboard; sourceTree = "<group>"; };
		61C055EA20875526004E5757 /* Info.plist */ = {isa = PBXFileReference; lastKnownFileType = text.plist.xml; path = Info.plist; sourceTree = "<group>"; };
		61C055EF20875527004E5757 /* Gradue WorkTests.xctest */ = {isa = PBXFileReference; explicitFileType = wrapper.cfbundle; includeInIndex = 0; path = "Gradue WorkTests.xctest"; sourceTree = BUILT_PRODUCTS_DIR; };
		61C055F320875527004E5757 /* Gradue_WorkTests.swift */ = {isa = PBXFileReference; lastKnownFileType = sourcecode.swift; path = Gradue_WorkTests.swift; sourceTree = "<group>"; };
		61C055F520875527004E5757 /* Info.plist */ = {isa = PBXFileReference; lastKnownFileType = text.plist.xml; path = Info.plist; sourceTree = "<group>"; };
		61C055FA20875527004E5757 /* Gradue WorkUITests.xctest */ = {isa = PBXFileReference; explicitFileType = wrapper.cfbundle; includeInIndex = 0; path = "Gradue WorkUITests.xctest"; sourceTree = BUILT_PRODUCTS_DIR; };
		61C055FE20875527004E5757 /* Gradue_WorkUITests.swift */ = {isa = PBXFileReference; lastKnownFileType = sourcecode.swift; path = Gradue_WorkUITests.swift; sourceTree = "<group>"; };
		61C0560020875527004E5757 /* Info.plist */ = {isa = PBXFileReference; lastKnownFileType = text.plist.xml; path = Info.plist; sourceTree = "<group>"; };
/* End PBXFileReference section */

/* Begin PBXFrameworksBuildPhase section */
		61C055D820875525004E5757 /* Frameworks */ = {
			isa = PBXFrameworksBuildPhase;
			buildActionMask = 2147483647;
			files = (
			);
			runOnlyForDeploymentPostprocessing = 0;
		};
		61C055EC20875527004E5757 /* Frameworks */ = {
			isa = PBXFrameworksBuildPhase;
			buildActionMask = 2147483647;
			files = (
			);
			runOnlyForDeploymentPostprocessing = 0;
		};
		61C055F720875527004E5757 /* Frameworks */ = {
			isa = PBXFrameworksBuildPhase;
			buildActionMask = 2147483647;
			files = (
			);
			runOnlyForDeploymentPostprocessing = 0;
		};
/* End PBXFrameworksBuildPhase section */

/* Begin PBXGroup section */
		61C055D220875525004E5757 = {
			isa = PBXGroup;
			children = (
				61C055DD20875525004E5757 /* Gradue Work */,
				61C055F220875527004E5757 /* Gradue WorkTests */,
				61C055FD20875527004E5757 /* Gradue WorkUITests */,
				61C055DC20875525004E5757 /* Products */,
			);
			sourceTree = "<group>";
		};
		61C055DC20875525004E5757 /* Products */ = {
			isa = PBXGroup;
			children = (
				61C055DB20875525004E5757 /* Gradue Work.app */,
				61C055EF20875527004E5757 /* Gradue WorkTests.xctest */,
				61C055FA20875527004E5757 /* Gradue WorkUITests.xctest */,
			);
			name = Products;
			sourceTree = "<group>";
		};
		61C055DD20875525004E5757 /* Gradue Work */ = {
			isa = PBXGroup;
			children = (
				61C055DE20875525004E5757 /* AppDelegate.swift */,
				61C055E020875525004E5757 /* ViewController.swift */,
				61C055E220875525004E5757 /* Main.storyboard */,
				619C7E27209B2C7100D87914 /* FacultTableViewController.swift */,
				619C7E25209B27D800D87914 /* FacultTableViewCell.swift */,
				61C055E520875526004E5757 /* Assets.xcassets */,
				61C055E720875526004E5757 /* LaunchScreen.storyboard */,
				61C055EA20875526004E5757 /* Info.plist */,
				61929C2B208B1F090037AADD /* variable.swift */,
			);
			path = "Gradue Work";
			sourceTree = "<group>";
		};
		61C055F220875527004E5757 /* Gradue WorkTests */ = {
			isa = PBXGroup;
			children = (
				61C055F320875527004E5757 /* Gradue_WorkTests.swift */,
				61C055F520875527004E5757 /* Info.plist */,
			);
			path = "Gradue WorkTests";
			sourceTree = "<group>";
		};
		61C055FD20875527004E5757 /* Gradue WorkUITests */ = {
			isa = PBXGroup;
			children = (
				61C055FE20875527004E5757 /* Gradue_WorkUITests.swift */,
				61C0560020875527004E5757 /* Info.plist */,
			);
			path = "Gradue WorkUITests";
			sourceTree = "<group>";
		};
/* End PBXGroup section */

/* Begin PBXNativeTarget section */
		61C055DA20875525004E5757 /* Gradue Work */ = {
			isa = PBXNativeTarget;
			buildConfigurationList = 61C0560320875527004E5757 /* Build configuration list for PBXNativeTarget "Gradue Work" */;
			buildPhases = (
				61C055D720875525004E5757 /* Sources */,
				61C055D820875525004E5757 /* Frameworks */,
				61C055D920875525004E5757 /* Resources */,
			);
			buildRules = (
			);
			dependencies = (
			);
			name = "Gradue Work";
			productName = "Gradue Work";
			productReference = 61C055DB20875525004E5757 /* Gradue Work.app */;
			productType = "com.apple.product-type.application";
		};
		61C055EE20875527004E5757 /* Gradue WorkTests */ = {
			isa = PBXNativeTarget;
			buildConfigurationList = 61C0560620875527004E5757 /* Build configuration list for PBXNativeTarget "Gradue WorkTests" */;
			buildPhases = (
				61C055EB20875527004E5757 /* Sources */,
				61C055EC20875527004E5757 /* Frameworks */,
				61C055ED20875527004E5757 /* Resources */,
			);
			buildRules = (
			);
			dependencies = (
				61C055F120875527004E5757 /* PBXTargetDependency */,
			);
			name = "Gradue WorkTests";
			productName = "Gradue WorkTests";
			productReference = 61C055EF20875527004E5757 /* Gradue WorkTests.xctest */;
			productType = "com.apple.product-type.bundle.unit-test";
		};
		61C055F920875527004E5757 /* Gradue WorkUITests */ = {
			isa = PBXNativeTarget;
			buildConfigurationList = 61C0560920875527004E5757 /* Build configuration list for PBXNativeTarget "Gradue WorkUITests" */;
			buildPhases = (
				61C055F620875527004E5757 /* Sources */,
				61C055F720875527004E5757 /* Frameworks */,
				61C055F820875527004E5757 /* Resources */,
			);
			buildRules = (
			);
			dependencies = (
				61C055FC20875527004E5757 /* PBXTargetDependency */,
			);
			name = "Gradue WorkUITests";
			productName = "Gradue WorkUITests";
			productReference = 61C055FA20875527004E5757 /* Gradue WorkUITests.xctest */;
			productType = "com.apple.product-type.bundle.ui-testing";
		};
/* End PBXNativeTarget section */

/* Begin PBXProject section */
		61C055D320875525004E5757 /* Project object */ = {
			isa = PBXProject;
			attributes = {
				LastSwiftUpdateCheck = 0930;
				LastUpgradeCheck = 0930;
				ORGANIZATIONNAME = "Arman Smagulov";
				TargetAttributes = {
					61C055DA20875525004E5757 = {
						CreatedOnToolsVersion = 9.3;
					};
					61C055EE20875527004E5757 = {
						CreatedOnToolsVersion = 9.3;
						TestTargetID = 61C055DA20875525004E5757;
					};
					61C055F920875527004E5757 = {
						CreatedOnToolsVersion = 9.3;
						TestTargetID = 61C055DA20875525004E5757;
					};
				};
			};
			buildConfigurationList = 61C055D620875525004E5757 /* Build configuration list for PBXProject "Gradue Work" */;
			compatibilityVersion = "Xcode 9.3";
			developmentRegion = en;
			hasScannedForEncodings = 0;
			knownRegions = (
				en,
				Base,
			);
			mainGroup = 61C055D220875525004E5757;
			productRefGroup = 61C055DC20875525004E5757 /* Products */;
			projectDirPath = "";
			projectRoot = "";
			targets = (
				61C055DA20875525004E5757 /* Gradue Work */,
				61C055EE20875527004E5757 /* Gradue WorkTests */,
				61C055F920875527004E5757 /* Gradue WorkUITests */,
			);
		};
/* End PBXProject section */

/* Begin PBXResourcesBuildPhase section */
		61C055D920875525004E5757 /* Resources */ = {
			isa = PBXResourcesBuildPhase;
			buildActionMask = 2147483647;
			files = (
				61C055E920875526004E5757 /* LaunchScreen.storyboard in Resources */,
				61C055E620875526004E5757 /* Assets.xcassets in Resources */,
				61C055E420875525004E5757 /* Main.storyboard in Resources */,
			);
			runOnlyForDeploymentPostprocessing = 0;
		};
		61C055ED20875527004E5757 /* Resources */ = {
			isa = PBXResourcesBuildPhase;
			buildActionMask = 2147483647;
			files = (
			);
			runOnlyForDeploymentPostprocessing = 0;
		};
		61C055F820875527004E5757 /* Resources */ = {
			isa = PBXResourcesBuildPhase;
			buildActionMask = 2147483647;
			files = (
			);
			runOnlyForDeploymentPostprocessing = 0;
		};
/* End PBXResourcesBuildPhase section */

/* Begin PBXSourcesBuildPhase section */
		61C055D720875525004E5757 /* Sources */ = {
			isa = PBXSourcesBuildPhase;
			buildActionMask = 2147483647;
			files = (
				619C7E28209B2C7100D87914 /* FacultTableViewController.swift in Sources */,
				619C7E26209B27D800D87914 /* FacultTableViewCell.swift in Sources */,
				61929C2C208B1F090037AADD /* variable.swift in Sources */,
				61C055E120875525004E5757 /* ViewController.swift in Sources */,
				61C055DF20875525004E5757 /* AppDelegate.swift in Sources */,
			);
			runOnlyForDeploymentPostprocessing = 0;
		};
		61C055EB20875527004E5757 /* Sources */ = {
			isa = PBXSourcesBuildPhase;
			buildActionMask = 2147483647;
			files = (
				61C055F420875527004E5757 /* Gradue_WorkTests.swift in Sources */,
			);
			runOnlyForDeploymentPostprocessing = 0;
		};
		61C055F620875527004E5757 /* Sources */ = {
			isa = PBXSourcesBuildPhase;
			buildActionMask = 2147483647;
			files = (
				61C055FF20875527004E5757 /* Gradue_WorkUITests.swift in Sources */,
			);
			runOnlyForDeploymentPostprocessing = 0;
		};
/* End PBXSourcesBuildPhase section */

/* Begin PBXTargetDependency section */
		61C055F120875527004E5757 /* PBXTargetDependency */ = {
			isa = PBXTargetDependency;
			target = 61C055DA20875525004E5757 /* Gradue Work */;
			targetProxy = 61C055F020875527004E5757 /* PBXContainerItemProxy */;
		};
		61C055FC20875527004E5757 /* PBXTargetDependency */ = {
			isa = PBXTargetDependency;
			target = 61C055DA20875525004E5757 /* Gradue Work */;
			targetProxy = 61C055FB20875527004E5757 /* PBXContainerItemProxy */;
		};
/* End PBXTargetDependency section */

/* Begin PBXVariantGroup section */
		61C055E220875525004E5757 /* Main.storyboard */ = {
			isa = PBXVariantGroup;
			children = (
				61C055E320875525004E5757 /* Base */,
			);
			name = Main.storyboard;
			sourceTree = "<group>";
		};
		61C055E720875526004E5757 /* LaunchScreen.storyboard */ = {
			isa = PBXVariantGroup;
			children = (
				61C055E820875526004E5757 /* Base */,
			);
			name = LaunchScreen.storyboard;
			sourceTree = "<group>";
		};
/* End PBXVariantGroup section */

/* Begin XCBuildConfiguration section */
		61C0560120875527004E5757 /* Debug */ = {
			isa = XCBuildConfiguration;
			buildSettings = {
				ALWAYS_SEARCH_USER_PATHS = NO;
				CLANG_ANALYZER_NONNULL = YES;
				CLANG_ANALYZER_NUMBER_OBJECT_CONVERSION = YES_AGGRESSIVE;
				CLANG_CXX_LANGUAGE_STANDARD = "gnu++14";
				CLANG_CXX_LIBRARY = "libc++";
				CLANG_ENABLE_MODULES = YES;
				CLANG_ENABLE_OBJC_ARC = YES;
				CLANG_ENABLE_OBJC_WEAK = YES;
				CLANG_WARN_BLOCK_CAPTURE_AUTORELEASING = YES;
				CLANG_WARN_BOOL_CONVERSION = YES;
				CLANG_WARN_COMMA = YES;
				CLANG_WARN_CONSTANT_CONVERSION = YES;
				CLANG_WARN_DEPRECATED_OBJC_IMPLEMENTATIONS = YES;
				CLANG_WARN_DIRECT_OBJC_ISA_USAGE = YES_ERROR;
				CLANG_WARN_DOCUMENTATION_COMMENTS = YES;
				CLANG_WARN_EMPTY_BODY = YES;
				CLANG_WARN_ENUM_CONVERSION = YES;
				CLANG_WARN_INFINITE_RECURSION = YES;
				CLANG_WARN_INT_CONVERSION = YES;
				CLANG_WARN_NON_LITERAL_NULL_CONVERSION = YES;
				CLANG_WARN_OBJC_IMPLICIT_RETAIN_SELF = YES;
				CLANG_WARN_OBJC_LITERAL_CONVERSION = YES;
				CLANG_WARN_OBJC_ROOT_CLASS = YES_ERROR;
				CLANG_WARN_RANGE_LOOP_ANALYSIS = YES;
				CLANG_WARN_STRICT_PROTOTYPES = YES;
				CLANG_WARN_SUSPICIOUS_MOVE = YES;
				CLANG_WARN_UNGUARDED_AVAILABILITY = YES_AGGRESSIVE;
				CLANG_WARN_UNREACHABLE_CODE = YES;
				CLANG_WARN__DUPLICATE_METHOD_MATCH = YES;
				CODE_SIGN_IDENTITY = "iPhone Developer";
				COPY_PHASE_STRIP = NO;
				DEBUG_INFORMATION_FORMAT = dwarf;
				ENABLE_STRICT_OBJC_MSGSEND = YES;
				ENABLE_TESTABILITY = YES;
				GCC_C_LANGUAGE_STANDARD = gnu11;
				GCC_DYNAMIC_NO_PIC = NO;
				GCC_NO_COMMON_BLOCKS = YES;
				GCC_OPTIMIZATION_LEVEL = 0;
				GCC_PREPROCESSOR_DEFINITIONS = (
					"DEBUG=1",
					"$(inherited)",
				);
				GCC_WARN_64_TO_32_BIT_CONVERSION = YES;
				GCC_WARN_ABOUT_RETURN_TYPE = YES_ERROR;
				GCC_WARN_UNDECLARED_SELECTOR = YES;
				GCC_WARN_UNINITIALIZED_AUTOS = YES_AGGRESSIVE;
				GCC_WARN_UNUSED_FUNCTION = YES;
				GCC_WARN_UNUSED_VARIABLE = YES;
				IPHONEOS_DEPLOYMENT_TARGET = 11.3;
				MTL_ENABLE_DEBUG_INFO = YES;
				ONLY_ACTIVE_ARCH = YES;
				SDKROOT = iphoneos;
				SWIFT_ACTIVE_COMPILATION_CONDITIONS = DEBUG;
				SWIFT_OPTIMIZATION_LEVEL = "-Onone";
			};
			name = Debug;
		};
		61C0560220875527004E5757 /* Release */ = {
			isa = XCBuildConfiguration;
			buildSettings = {
				ALWAYS_SEARCH_USER_PATHS = NO;
				CLANG_ANALYZER_NONNULL = YES;
				CLANG_ANALYZER_NUMBER_OBJECT_CONVERSION = YES_AGGRESSIVE;
				CLANG_CXX_LANGUAGE_STANDARD = "gnu++14";
				CLANG_CXX_LIBRARY = "libc++";
				CLANG_ENABLE_MODULES = YES;
				CLANG_ENABLE_OBJC_ARC = YES;
				CLANG_ENABLE_OBJC_WEAK = YES;
				CLANG_WARN_BLOCK_CAPTURE_AUTORELEASING = YES;
				CLANG_WARN_BOOL_CONVERSION = YES;
				CLANG_WARN_COMMA = YES;
				CLANG_WARN_CONSTANT_CONVERSION = YES;
				CLANG_WARN_DEPRECATED_OBJC_IMPLEMENTATIONS = YES;
				CLANG_WARN_DIRECT_OBJC_ISA_USAGE = YES_ERROR;
				CLANG_WARN_DOCUMENTATION_COMMENTS = YES;
				CLANG_WARN_EMPTY_BODY = YES;
				CLANG_WARN_ENUM_CONVERSION = YES;
				CLANG_WARN_INFINITE_RECURSION = YES;
				CLANG_WARN_INT_CONVERSION = YES;
				CLANG_WARN_NON_LITERAL_NULL_CONVERSION = YES;
				CLANG_WARN_OBJC_IMPLICIT_RETAIN_SELF = YES;
				CLANG_WARN_OBJC_LITERAL_CONVERSION = YES;
				CLANG_WARN_OBJC_ROOT_CLASS = YES_ERROR;
				CLANG_WARN_RANGE_LOOP_ANALYSIS = YES;
				CLANG_WARN_STRICT_PROTOTYPES = YES;
				CLANG_WARN_SUSPICIOUS_MOVE = YES;
				CLANG_WARN_UNGUARDED_AVAILABILITY = YES_AGGRESSIVE;
				CLANG_WARN_UNREACHABLE_CODE = YES;
				CLANG_WARN__DUPLICATE_METHOD_MATCH = YES;
				CODE_SIGN_IDENTITY = "iPhone Developer";
				COPY_PHASE_STRIP = NO;
				DEBUG_INFORMATION_FORMAT = "dwarf-with-dsym";
				ENABLE_NS_ASSERTIONS = NO;
				ENABLE_STRICT_OBJC_MSGSEND = YES;
				GCC_C_LANGUAGE_STANDARD = gnu11;
				GCC_NO_COMMON_BLOCKS = YES;
				GCC_WARN_64_TO_32_BIT_CONVERSION = YES;
				GCC_WARN_ABOUT_RETURN_TYPE = YES_ERROR;
				GCC_WARN_UNDECLARED_SELECTOR = YES;
				GCC_WARN_UNINITIALIZED_AUTOS = YES_AGGRESSIVE;
				GCC_WARN_UNUSED_FUNCTION = YES;
				GCC_WARN_UNUSED_VARIABLE = YES;
				IPHONEOS_DEPLOYMENT_TARGET = 11.3;
				MTL_ENABLE_DEBUG_INFO = NO;
				SDKROOT = iphoneos;
				SWIFT_COMPILATION_MODE = wholemodule;
				SWIFT_OPTIMIZATION_LEVEL = "-O";
				VALIDATE_PRODUCT = YES;
			};
			name = Release;
		};
		61C0560420875527004E5757 /* Debug */ = {
			isa = XCBuildConfiguration;
			buildSettings = {
				ASSETCATALOG_COMPILER_APPICON_NAME = AppIcon;
				CODE_SIGN_STYLE = Automatic;
				INFOPLIST_FILE = "Gradue Work/Info.plist";
				LD_RUNPATH_SEARCH_PATHS = (
					"$(inherited)",
					"@executable_path/Frameworks",
				);
				PRODUCT_BUNDLE_IDENTIFIER = "ArmanSm.Gradue-Work";
				PRODUCT_NAME = "$(TARGET_NAME)";
				SWIFT_VERSION = 4.0;
				TARGETED_DEVICE_FAMILY = "1,2";
			};
			name = Debug;
		};
		61C0560520875527004E5757 /* Release */ = {
			isa = XCBuildConfiguration;
			buildSettings = {
				ASSETCATALOG_COMPILER_APPICON_NAME = AppIcon;
				CODE_SIGN_STYLE = Automatic;
				INFOPLIST_FILE = "Gradue Work/Info.plist";
				LD_RUNPATH_SEARCH_PATHS = (
					"$(inherited)",
					"@executable_path/Frameworks",
				);
				PRODUCT_BUNDLE_IDENTIFIER = "ArmanSm.Gradue-Work";
				PRODUCT_NAME = "$(TARGET_NAME)";
				SWIFT_VERSION = 4.0;
				TARGETED_DEVICE_FAMILY = "1,2";
			};
			name = Release;
		};
		61C0560720875527004E5757 /* Debug */ = {
			isa = XCBuildConfiguration;
			buildSettings = {
				ALWAYS_EMBED_SWIFT_STANDARD_LIBRARIES = YES;
				BUNDLE_LOADER = "$(TEST_HOST)";
				CODE_SIGN_STYLE = Automatic;
				INFOPLIST_FILE = "Gradue WorkTests/Info.plist";
				LD_RUNPATH_SEARCH_PATHS = (
					"$(inherited)",
					"@executable_path/Frameworks",
					"@loader_path/Frameworks",
				);
				PRODUCT_BUNDLE_IDENTIFIER = "ArmanSm.Gradue-WorkTests";
				PRODUCT_NAME = "$(TARGET_NAME)";
				SWIFT_VERSION = 4.0;
				TARGETED_DEVICE_FAMILY = "1,2";
				TEST_HOST = "$(BUILT_PRODUCTS_DIR)/Gradue Work.app/Gradue Work";
			};
			name = Debug;
		};
		61C0560820875527004E5757 /* Release */ = {
			isa = XCBuildConfiguration;
			buildSettings = {
				ALWAYS_EMBED_SWIFT_STANDARD_LIBRARIES = YES;
				BUNDLE_LOADER = "$(TEST_HOST)";
				CODE_SIGN_STYLE = Automatic;
				INFOPLIST_FILE = "Gradue WorkTests/Info.plist";
				LD_RUNPATH_SEARCH_PATHS = (
					"$(inherited)",
					"@executable_path/Frameworks",
					"@loader_path/Frameworks",
				);
				PRODUCT_BUNDLE_IDENTIFIER = "ArmanSm.Gradue-WorkTests";
				PRODUCT_NAME = "$(TARGET_NAME)";
				SWIFT_VERSION = 4.0;
				TARGETED_DEVICE_FAMILY = "1,2";
				TEST_HOST = "$(BUILT_PRODUCTS_DIR)/Gradue Work.app/Gradue Work";
			};
			name = Release;
		};
		61C0560A20875527004E5757 /* Debug */ = {
			isa = XCBuildConfiguration;
			buildSettings = {
				ALWAYS_EMBED_SWIFT_STANDARD_LIBRARIES = YES;
				CODE_SIGN_STYLE = Automatic;
				INFOPLIST_FILE = "Gradue WorkUITests/Info.plist";
				LD_RUNPATH_SEARCH_PATHS = (
					"$(inherited)",
					"@executable_path/Frameworks",
					"@loader_path/Frameworks",
				);
				PRODUCT_BUNDLE_IDENTIFIER = "ArmanSm.Gradue-WorkUITests";
				PRODUCT_NAME = "$(TARGET_NAME)";
				SWIFT_VERSION = 4.0;
				TARGETED_DEVICE_FAMILY = "1,2";
				TEST_TARGET_NAME = "Gradue Work";
			};
			name = Debug;
		};
		61C0560B20875527004E5757 /* Release */ = {
			isa = XCBuildConfiguration;
			buildSettings = {
				ALWAYS_EMBED_SWIFT_STANDARD_LIBRARIES = YES;
				CODE_SIGN_STYLE = Automatic;
				INFOPLIST_FILE = "Gradue WorkUITests/Info.plist";
				LD_RUNPATH_SEARCH_PATHS = (
					"$(inherited)",
					"@executable_path/Frameworks",
					"@loader_path/Frameworks",
				);
				PRODUCT_BUNDLE_IDENTIFIER = "ArmanSm.Gradue-WorkUITests";
				PRODUCT_NAME = "$(TARGET_NAME)";
				SWIFT_VERSION = 4.0;
				TARGETED_DEVICE_FAMILY = "1,2";
				TEST_TARGET_NAME = "Gradue Work";
			};
			name = Release;
		};
/* End XCBuildConfiguration section */

/* Begin XCConfigurationList section */
		61C055D620875525004E5757 /* Build configuration list for PBXProject "Gradue Work" */ = {
			isa = XCConfigurationList;
			buildConfigurations = (
				61C0560120875527004E5757 /* Debug */,
				61C0560220875527004E5757 /* Release */,
			);
			defaultConfigurationIsVisible = 0;
			defaultConfigurationName = Release;
		};
		61C0560320875527004E5757 /* Build configuration list for PBXNativeTarget "Gradue Work" */ = {
			isa = XCConfigurationList;
			buildConfigurations = (
				61C0560420875527004E5757 /* Debug */,
				61C0560520875527004E5757 /* Release */,
			);
			defaultConfigurationIsVisible = 0;
			defaultConfigurationName = Release;
		};
		61C0560620875527004E5757 /* Build configuration list for PBXNativeTarget "Gradue WorkTests" */ = {
			isa = XCConfigurationList;
			buildConfigurations = (
				61C0560720875527004E5757 /* Debug */,
				61C0560820875527004E5757 /* Release */,
			);
			defaultConfigurationIsVisible = 0;
			defaultConfigurationName = Release;
		};
		61C0560920875527004E5757 /* Build configuration list for PBXNativeTarget "Gradue WorkUITests" */ = {
			isa = XCConfigurationList;
			buildConfigurations = (
				61C0560A20875527004E5757 /* Debug */,
				61C0560B20875527004E5757 /* Release */,
			);
			defaultConfigurationIsVisible = 0;
			defaultConfigurationName = Release;
		};
/* End XCConfigurationList section */
	};
	rootObject = 61C055D320875525004E5757 /* Project object */;
}
